
Microsoft Visual Studio Solution File, Format Version 12.00
# Visual Studio Version 16
VisualStudioVersion = 16.0.30717.126
MinimumVisualStudioVersion = 10.0.40219.1
Project("{9A19103F-16F7-4668-BE54-9A1E7A4F7556}") = "Forecast.Domain", "Forecast.Domain\Forecast.Domain.csproj", "{A0D8A145-26F9-4EEA-BB36-2C505BAC18C6}"
EndProject
Project("{9A19103F-16F7-4668-BE54-9A1E7A4F7556}") = "Forecast.Infraestructure", "Forecast.Infraestructure\Forecast.Infraestructure.csproj", "{9F45F8CF-3FD3-4DD0-9302-F85CAF6CF4D8}"
EndProject
Project("{9A19103F-16F7-4668-BE54-9A1E7A4F7556}") = "Forecast.Data", "Forecast.Data\Forecast.Data.csproj", "{C3D714FF-4295-44D7-9DC5-90B45468D9A4}"
EndProject
Project("{9A19103F-16F7-4668-BE54-9A1E7A4F7556}") = "Forecast.Main", "Forecast.Main\Forecast.Main.csproj", "{5B369726-EC00-4008-930B-FB3530FA8682}"
EndProject
Project("{FAE04EC0-301F-11D3-BF4B-00C04F79EFBC}") = "Forecast.Presentation", "Forecast.Presentation\Forecast.Presentation.csproj", "{EB788215-AD94-41BA-9544-178295AA0EE6}"
EndProject
Global
	GlobalSection(SolutionConfigurationPlatforms) = preSolution
		Debug|Any CPU = Debug|Any CPU
		Release|Any CPU = Release|Any CPU
	EndGlobalSection
	GlobalSection(ProjectConfigurationPlatforms) = postSolution
		{A0D8A145-26F9-4EEA-BB36-2C505BAC18C6}.Debug|Any CPU.ActiveCfg = Debug|Any CPU
		{A0D8A145-26F9-4EEA-BB36-2C505BAC18C6}.Debug|Any CPU.Build.0 = Debug|Any CPU
		{A0D8A145-26F9-4EEA-BB36-2C505BAC18C6}.Release|Any CPU.ActiveCfg = Release|Any CPU
		{A0D8A145-26F9-4EEA-BB36-2C505BAC18C6}.Release|Any CPU.Build.0 = Release|Any CPU
		{9F45F8CF-3FD3-4DD0-9302-F85CAF6CF4D8}.Debug|Any CPU.ActiveCfg = Debug|Any CPU
		{9F45F8CF-3FD3-4DD0-9302-F85CAF6CF4D8}.Debug|Any CPU.Build.0 = Debug|Any CPU
		{9F45F8CF-3FD3-4DD0-9302-F85CAF6CF4D8}.Release|Any CPU.ActiveCfg = Release|Any CPU
		{9F45F8CF-3FD3-4DD0-9302-F85CAF6CF4D8}.Release|Any CPU.Build.0 = Release|Any CPU
		{C3D714FF-4295-44D7-9DC5-90B45468D9A4}.Debug|Any CPU.ActiveCfg = Debug|Any CPU
		{C3D714FF-4295-44D7-9DC5-90B45468D9A4}.Debug|Any CPU.Build.0 = Debug|Any CPU
		{C3D714FF-4295-44D7-9DC5-90B45468D9A4}.Release|Any CPU.ActiveCfg = Release|Any CPU
		{C3D714FF-4295-44D7-9DC5-90B45468D9A4}.Release|Any CPU.Build.0 = Release|Any CPU
		{5B369726-EC00-4008-930B-FB3530FA8682}.Debug|Any CPU.ActiveCfg = Debug|Any CPU
		{5B369726-EC00-4008-930B-FB3530FA8682}.Debug|Any CPU.Build.0 = Debug|Any CPU
		{5B369726-EC00-4008-930B-FB3530FA8682}.Release|Any CPU.ActiveCfg = Release|Any CPU
		{5B369726-EC00-4008-930B-FB3530FA8682}.Release|Any CPU.Build.0 = Release|Any CPU
		{EB788215-AD94-41BA-9544-178295AA0EE6}.Debug|Any CPU.ActiveCfg = Debug|Any CPU
		{EB788215-AD94-41BA-9544-178295AA0EE6}.Debug|Any CPU.Build.0 = Debug|Any CPU
		{EB788215-AD94-41BA-9544-178295AA0EE6}.Release|Any CPU.ActiveCfg = Release|Any CPU
		{EB788215-AD94-41BA-9544-178295AA0EE6}.Release|Any CPU.Build.0 = Release|Any CPU
	EndGlobalSection
	GlobalSection(SolutionProperties) = preSolution
		HideSolutionNode = FALSE
	EndGlobalSection
	GlobalSection(ExtensibilityGlobals) = postSolution
		SolutionGuid = {4E8099E8-516B-4DDE-862E-20062821642B}
	EndGlobalSection
EndGlobal
